
Microsoft Visual Studio Solution File, Format Version 12.00
# Visual Studio 15
VisualStudioVersion = 15.0.27703.2047
MinimumVisualStudioVersion = 10.0.40219.1
Project("{FAE04EC0-301F-11D3-BF4B-00C04F79EFBC}") = "Entidades", "Entidades\Entidades.csproj", "{F4D9D68A-06A3-44F8-BA94-32B109B7ECC0}"
EndProject
Project("{FAE04EC0-301F-11D3-BF4B-00C04F79EFBC}") = "MainCorreo", "MainCorreo\MainCorreo.csproj", "{30AB54E0-7193-4673-87A6-1452480ED0D9}"
EndProject
Project("{FAE04EC0-301F-11D3-BF4B-00C04F79EFBC}") = "UnitTest_TP_04", "UnitTest_TP_04\UnitTest_TP_04.csproj", "{4396672A-FE7A-46B6-81DD-37EB6F5AE51E}"
EndProject
Global
	GlobalSection(SolutionConfigurationPlatforms) = preSolution
		Debug|Any CPU = Debug|Any CPU
		Release|Any CPU = Release|Any CPU
	EndGlobalSection
	GlobalSection(ProjectConfigurationPlatforms) = postSolution
		{F4D9D68A-06A3-44F8-BA94-32B109B7ECC0}.Debug|Any CPU.ActiveCfg = Debug|Any CPU
		{F4D9D68A-06A3-44F8-BA94-32B109B7ECC0}.Debug|Any CPU.Build.0 = Debug|Any CPU
		{F4D9D68A-06A3-44F8-BA94-32B109B7ECC0}.Release|Any CPU.ActiveCfg = Release|Any CPU
		{F4D9D68A-06A3-44F8-BA94-32B109B7ECC0}.Release|Any CPU.Build.0 = Release|Any CPU
		{30AB54E0-7193-4673-87A6-1452480ED0D9}.Debug|Any CPU.ActiveCfg = Debug|Any CPU
		{30AB54E0-7193-4673-87A6-1452480ED0D9}.Debug|Any CPU.Build.0 = Debug|Any CPU
		{30AB54E0-7193-4673-87A6-1452480ED0D9}.Release|Any CPU.ActiveCfg = Release|Any CPU
		{30AB54E0-7193-4673-87A6-1452480ED0D9}.Release|Any CPU.Build.0 = Release|Any CPU
		{4396672A-FE7A-46B6-81DD-37EB6F5AE51E}.Debug|Any CPU.ActiveCfg = Debug|Any CPU
		{4396672A-FE7A-46B6-81DD-37EB6F5AE51E}.Debug|Any CPU.Build.0 = Debug|Any CPU
		{4396672A-FE7A-46B6-81DD-37EB6F5AE51E}.Release|Any CPU.ActiveCfg = Release|Any CPU
		{4396672A-FE7A-46B6-81DD-37EB6F5AE51E}.Release|Any CPU.Build.0 = Release|Any CPU
	EndGlobalSection
	GlobalSection(SolutionProperties) = preSolution
		HideSolutionNode = FALSE
	EndGlobalSection
	GlobalSection(ExtensibilityGlobals) = postSolution
		SolutionGuid = {84372F3B-C40D-4015-986D-52CFC59162E9}
	EndGlobalSection
EndGlobal
